
Microsoft Visual Studio Solution File, Format Version 12.00
# Visual Studio Version 17
VisualStudioVersion = 17.13.35825.156 d17.13
MinimumVisualStudioVersion = 10.0.40219.1
Project("{FAE04EC0-301F-11D3-BF4B-00C04F79EFBC}") = "gestionBiblioteca", "gestionBiblioteca\gestionBiblioteca.csproj", "{A6138E8D-1171-432E-9070-7CA7645FC2CA}"
EndProject
Global
	GlobalSection(SolutionConfigurationPlatforms) = preSolution
		Debug|Any CPU = Debug|Any CPU
		Release|Any CPU = Release|Any CPU
	EndGlobalSection
	GlobalSection(ProjectConfigurationPlatforms) = postSolution
		{A6138E8D-1171-432E-9070-7CA7645FC2CA}.Debug|Any CPU.ActiveCfg = Debug|Any CPU
		{A6138E8D-1171-432E-9070-7CA7645FC2CA}.Debug|Any CPU.Build.0 = Debug|Any CPU
		{A6138E8D-1171-432E-9070-7CA7645FC2CA}.Release|Any CPU.ActiveCfg = Release|Any CPU
		{A6138E8D-1171-432E-9070-7CA7645FC2CA}.Release|Any CPU.Build.0 = Release|Any CPU
	EndGlobalSection
	GlobalSection(SolutionProperties) = preSolution
		HideSolutionNode = FALSE
	EndGlobalSection
	GlobalSection(ExtensibilityGlobals) = postSolution
		SolutionGuid = {757B9E16-82CA-49E6-B109-AB96307140CE}
	EndGlobalSection
EndGlobal
